// !$*UTF8*$!
{
	archiveVersion = 1;
	classes = {
	};
	objectVersion = 46;
	objects = {

/* Begin PBXBuildFile section */
		C7FCBA3E1ECD6E2D00EAF886 /* main.m in Sources */ = {isa = PBXBuildFile; fileRef = C7FCBA3D1ECD6E2D00EAF886 /* main.m */; };
		C7FCBA411ECD6E2D00EAF886 /* AppDelegate.m in Sources */ = {isa = PBXBuildFile; fileRef = C7FCBA401ECD6E2D00EAF886 /* AppDelegate.m */; };
		C7FCBA491ECD6E2D00EAF886 /* Assets.xcassets in Resources */ = {isa = PBXBuildFile; fileRef = C7FCBA481ECD6E2D00EAF886 /* Assets.xcassets */; };
		C7FCBA4C1ECD6E2D00EAF886 /* LaunchScreen.storyboard in Resources */ = {isa = PBXBuildFile; fileRef = C7FCBA4A1ECD6E2D00EAF886 /* LaunchScreen.storyboard */; };
		C7FCBA561ECD701900EAF886 /* KeyboardViewController.m in Sources */ = {isa = PBXBuildFile; fileRef = C7FCBA541ECD701900EAF886 /* KeyboardViewController.m */; };
		C7FCBA571ECD701900EAF886 /* KeyboardViewController.xib in Resources */ = {isa = PBXBuildFile; fileRef = C7FCBA551ECD701900EAF886 /* KeyboardViewController.xib */; };
/* End PBXBuildFile section */

/* Begin PBXFileReference section */
		C7FCBA391ECD6E2D00EAF886 /* keyboard.app */ = {isa = PBXFileReference; explicitFileType = wrapper.application; includeInIndex = 0; path = keyboard.app; sourceTree = BUILT_PRODUCTS_DIR; };
		C7FCBA3D1ECD6E2D00EAF886 /* main.m */ = {isa = PBXFileReference; lastKnownFileType = sourcecode.c.objc; path = main.m; sourceTree = "<group>"; };
		C7FCBA3F1ECD6E2D00EAF886 /* AppDelegate.h */ = {isa = PBXFileReference; lastKnownFileType = sourcecode.c.h; path = AppDelegate.h; sourceTree = "<group>"; };
		C7FCBA401ECD6E2D00EAF886 /* AppDelegate.m */ = {isa = PBXFileReference; lastKnownFileType = sourcecode.c.objc; path = AppDelegate.m; sourceTree = "<group>"; };
		C7FCBA481ECD6E2D00EAF886 /* Assets.xcassets */ = {isa = PBXFileReference; lastKnownFileType = folder.assetcatalog; path = Assets.xcassets; sourceTree = "<group>"; };
		C7FCBA4B1ECD6E2D00EAF886 /* Base */ = {isa = PBXFileReference; lastKnownFileType = file.storyboard; name = Base; path = Base.lproj/LaunchScreen.storyboard; sourceTree = "<group>"; };
		C7FCBA4D1ECD6E2D00EAF886 /* Info.plist */ = {isa = PBXFileReference; lastKnownFileType = text.plist.xml; path = Info.plist; sourceTree = "<group>"; };
		C7FCBA531ECD701900EAF886 /* KeyboardViewController.h */ = {isa = PBXFileReference; fileEncoding = 4; lastKnownFileType = sourcecode.c.h; path = KeyboardViewController.h; sourceTree = "<group>"; };
		C7FCBA541ECD701900EAF886 /* KeyboardViewController.m */ = {isa = PBXFileReference; fileEncoding = 4; lastKnownFileType = sourcecode.c.objc; path = KeyboardViewController.m; sourceTree = "<group>"; };
		C7FCBA551ECD701900EAF886 /* KeyboardViewController.xib */ = {isa = PBXFileReference; fileEncoding = 4; lastKnownFileType = file.xib; path = KeyboardViewController.xib; sourceTree = "<group>"; };
/* End PBXFileReference section */

/* Begin PBXFrameworksBuildPhase section */
		C7FCBA361ECD6E2D00EAF886 /* Frameworks */ = {
			isa = PBXFrameworksBuildPhase;
			buildActionMask = 2147483647;
			files = (
			);
			runOnlyForDeploymentPostprocessing = 0;
		};
/* End PBXFrameworksBuildPhase section */

/* Begin PBXGroup section */
		C7FCBA301ECD6E2D00EAF886 = {
			isa = PBXGroup;
			children = (
				C7FCBA3B1ECD6E2D00EAF886 /* keyboard */,
				C7FCBA3A1ECD6E2D00EAF886 /* Products */,
			);
			sourceTree = "<group>";
		};
		C7FCBA3A1ECD6E2D00EAF886 /* Products */ = {
			isa = PBXGroup;
			children = (
				C7FCBA391ECD6E2D00EAF886 /* keyboard.app */,
			);
			name = Products;
			sourceTree = "<group>";
		};
		C7FCBA3B1ECD6E2D00EAF886 /* keyboard */ = {
			isa = PBXGroup;
			children = (
				C7FCBA3F1ECD6E2D00EAF886 /* AppDelegate.h */,
				C7FCBA401ECD6E2D00EAF886 /* AppDelegate.m */,
				C7FCBA531ECD701900EAF886 /* KeyboardViewController.h */,
				C7FCBA541ECD701900EAF886 /* KeyboardViewController.m */,
				C7FCBA551ECD701900EAF886 /* KeyboardViewController.xib */,
				C7FCBA481ECD6E2D00EAF886 /* Assets.xcassets */,
				C7FCBA4A1ECD6E2D00EAF886 /* LaunchScreen.storyboard */,
				C7FCBA4D1ECD6E2D00EAF886 /* Info.plist */,
				C7FCBA3C1ECD6E2D00EAF886 /* Supporting Files */,
			);
			path = keyboard;
			sourceTree = "<group>";
		};
		C7FCBA3C1ECD6E2D00EAF886 /* Supporting Files */ = {
			isa = PBXGroup;
			children = (
				C7FCBA3D1ECD6E2D00EAF886 /* main.m */,
			);
			name = "Supporting Files";
			sourceTree = "<group>";
		};
/* End PBXGroup section */

/* Begin PBXNativeTarget section */
		C7FCBA381ECD6E2D00EAF886 /* keyboard */ = {
			isa = PBXNativeTarget;
			buildConfigurationList = C7FCBA501ECD6E2D00EAF886 /* Build configuration list for PBXNativeTarget "keyboard" */;
			buildPhases = (
				C7FCBA351ECD6E2D00EAF886 /* Sources */,
				C7FCBA361ECD6E2D00EAF886 /* Frameworks */,
				C7FCBA371ECD6E2D00EAF886 /* Resources */,
			);
			buildRules = (
			);
			dependencies = (
			);
			name = keyboard;
			productName = keyboard;
			productReference = C7FCBA391ECD6E2D00EAF886 /* keyboard.app */;
			productType = "com.apple.product-type.application";
		};
/* End PBXNativeTarget section */

/* Begin PBXProject section */
		C7FCBA311ECD6E2D00EAF886 /* Project object */ = {
			isa = PBXProject;
			attributes = {
				LastUpgradeCheck = 0830;
				ORGANIZATIONNAME = Ringo;
				TargetAttributes = {
					C7FCBA381ECD6E2D00EAF886 = {
						CreatedOnToolsVersion = 8.3.2;
						DevelopmentTeam = M6ZDLRSM4A;
						ProvisioningStyle = Automatic;
					};
				};
			};
			buildConfigurationList = C7FCBA341ECD6E2D00EAF886 /* Build configuration list for PBXProject "keyboard" */;
			compatibilityVersion = "Xcode 3.2";
			developmentRegion = English;
			hasScannedForEncodings = 0;
			knownRegions = (
				en,
				Base,
			);
			mainGroup = C7FCBA301ECD6E2D00EAF886;
			productRefGroup = C7FCBA3A1ECD6E2D00EAF886 /* Products */;
			projectDirPath = "";
			projectRoot = "";
			targets = (
				C7FCBA381ECD6E2D00EAF886 /* keyboard */,
			);
		};
/* End PBXProject section */

/* Begin PBXResourcesBuildPhase section */
		C7FCBA371ECD6E2D00EAF886 /* Resources */ = {
			isa = PBXResourcesBuildPhase;
			buildActionMask = 2147483647;
			files = (
				C7FCBA4C1ECD6E2D00EAF886 /* LaunchScreen.storyboard in Resources */,
				C7FCBA491ECD6E2D00EAF886 /* Assets.xcassets in Resources */,
				C7FCBA571ECD701900EAF886 /* KeyboardViewController.xib in Resources */,
			);
			runOnlyForDeploymentPostprocessing = 0;
		};
/* End PBXResourcesBuildPhase section */

/* Begin PBXSourcesBuildPhase section */
		C7FCBA351ECD6E2D00EAF886 /* Sources */ = {
			isa = PBXSourcesBuildPhase;
			buildActionMask = 2147483647;
			files = (
				C7FCBA411ECD6E2D00EAF886 /* AppDelegate.m in Sources */,
				C7FCBA561ECD701900EAF886 /* KeyboardViewController.m in Sources */,
				C7FCBA3E1ECD6E2D00EAF886 /* main.m in Sources */,
			);
			runOnlyForDeploymentPostprocessing = 0;
		};
/* End PBXSourcesBuildPhase section */

/* Begin PBXVariantGroup section */
		C7FCBA4A1ECD6E2D00EAF886 /* LaunchScreen.storyboard */ = {
			isa = PBXVariantGroup;
			children = (
				C7FCBA4B1ECD6E2D00EAF886 /* Base */,
			);
			name = LaunchScreen.storyboard;
			sourceTree = "<group>";
		};
/* End PBXVariantGroup section */

/* Begin XCBuildConfiguration section */
		C7FCBA4E1ECD6E2D00EAF886 /* Debug */ = {
			isa = XCBuildConfiguration;
			buildSettings = {
				ALWAYS_SEARCH_USER_PATHS = NO;
				CLANG_ANALYZER_NONNULL = YES;
				CLANG_ANALYZER_NUMBER_OBJECT_CONVERSION = YES_AGGRESSIVE;
				CLANG_CXX_LANGUAGE_STANDARD = "gnu++0x";
				CLANG_CXX_LIBRARY = "libc++";
				CLANG_ENABLE_MODULES = YES;
				CLANG_ENABLE_OBJC_ARC = YES;
				CLANG_WARN_BOOL_CONVERSION = YES;
				CLANG_WARN_CONSTANT_CONVERSION = YES;
				CLANG_WARN_DIRECT_OBJC_ISA_USAGE = YES_ERROR;
				CLANG_WARN_DOCUMENTATION_COMMENTS = YES;
				CLANG_WARN_EMPTY_BODY = YES;
				CLANG_WARN_ENUM_CONVERSION = YES;
				CLANG_WARN_INFINITE_RECURSION = YES;
				CLANG_WARN_INT_CONVERSION = YES;
				CLANG_WARN_OBJC_ROOT_CLASS = YES_ERROR;
				CLANG_WARN_SUSPICIOUS_MOVE = YES;
				CLANG_WARN_UNREACHABLE_CODE = YES;
				CLANG_WARN__DUPLICATE_METHOD_MATCH = YES;
				"CODE_SIGN_IDENTITY[sdk=iphoneos*]" = "iPhone Developer";
				COPY_PHASE_STRIP = NO;
				DEBUG_INFORMATION_FORMAT = dwarf;
				ENABLE_STRICT_OBJC_MSGSEND = YES;
				ENABLE_TESTABILITY = YES;
				GCC_C_LANGUAGE_STANDARD = gnu99;
				GCC_DYNAMIC_NO_PIC = NO;
				GCC_NO_COMMON_BLOCKS = YES;
				GCC_OPTIMIZATION_LEVEL = 0;
				GCC_PREPROCESSOR_DEFINITIONS = (
					"DEBUG=1",
					"$(inherited)",
				);
				GCC_WARN_64_TO_32_BIT_CONVERSION = YES;
				GCC_WARN_ABOUT_RETURN_TYPE = YES_ERROR;
				GCC_WARN_UNDECLARED_SELECTOR = YES;
				GCC_WARN_UNINITIALIZED_AUTOS = YES_AGGRESSIVE;
				GCC_WARN_UNUSED_FUNCTION = YES;
				GCC_WARN_UNUSED_VARIABLE = YES;
				IPHONEOS_DEPLOYMENT_TARGET = 10.3;
				MTL_ENABLE_DEBUG_INFO = YES;
				ONLY_ACTIVE_ARCH = YES;
				SDKROOT = iphoneos;
			};
			name = Debug;
		};
		C7FCBA4F1ECD6E2D00EAF886 /* Release */ = {
			isa = XCBuildConfiguration;
			buildSettings = {
				ALWAYS_SEARCH_USER_PATHS = NO;
				CLANG_ANALYZER_NONNULL = YES;
				CLANG_ANALYZER_NUMBER_OBJECT_CONVERSION = YES_AGGRESSIVE;
				CLANG_CXX_LANGUAGE_STANDARD = "gnu++0x";
				CLANG_CXX_LIBRARY = "libc++";
				CLANG_ENABLE_MODULES = YES;
				CLANG_ENABLE_OBJC_ARC = YES;
				CLANG_WARN_BOOL_CONVERSION = YES;
				CLANG_WARN_CONSTANT_CONVERSION = YES;
				CLANG_WARN_DIRECT_OBJC_ISA_USAGE = YES_ERROR;
				CLANG_WARN_DOCUMENTATION_COMMENTS = YES;
				CLANG_WARN_EMPTY_BODY = YES;
				CLANG_WARN_ENUM_CONVERSION = YES;
				CLANG_WARN_INFINITE_RECURSION = YES;
				CLANG_WARN_INT_CONVERSION = YES;
				CLANG_WARN_OBJC_ROOT_CLASS = YES_ERROR;
				CLANG_WARN_SUSPICIOUS_MOVE = YES;
				CLANG_WARN_UNREACHABLE_CODE = YES;
				CLANG_WARN__DUPLICATE_METHOD_MATCH = YES;
				"CODE_SIGN_IDENTITY[sdk=iphoneos*]" = "iPhone Developer";
				COPY_PHASE_STRIP = NO;
				DEBUG_INFORMATION_FORMAT = "dwarf-with-dsym";
				ENABLE_NS_ASSERTIONS = NO;
				ENABLE_STRICT_OBJC_MSGSEND = YES;
				GCC_C_LANGUAGE_STANDARD = gnu99;
				GCC_NO_COMMON_BLOCKS = YES;
				GCC_WARN_64_TO_32_BIT_CONVERSION = YES;
				GCC_WARN_ABOUT_RETURN_TYPE = YES_ERROR;
				GCC_WARN_UNDECLARED_SELECTOR = YES;
				GCC_WARN_UNINITIALIZED_AUTOS = YES_AGGRESSIVE;
				GCC_WARN_UNUSED_FUNCTION = YES;
				GCC_WARN_UNUSED_VARIABLE = YES;
				IPHONEOS_DEPLOYMENT_TARGET = 10.3;
				MTL_ENABLE_DEBUG_INFO = NO;
				SDKROOT = iphoneos;
				VALIDATE_PRODUCT = YES;
			};
			name = Release;
		};
		C7FCBA511ECD6E2D00EAF886 /* Debug */ = {
			isa = XCBuildConfiguration;
			buildSettings = {
				ASSETCATALOG_COMPILER_APPICON_NAME = AppIcon;
				DEVELOPMENT_TEAM = M6ZDLRSM4A;
				INFOPLIST_FILE = keyboard/Info.plist;
				IPHONEOS_DEPLOYMENT_TARGET = 8.0;
				LD_RUNPATH_SEARCH_PATHS = "$(inherited) @executable_path/Frameworks";
				PRODUCT_BUNDLE_IDENTIFIER = Ringo.keyboard;
				PRODUCT_NAME = "$(TARGET_NAME)";
			};
			name = Debug;
		};
		C7FCBA521ECD6E2D00EAF886 /* Release */ = {
			isa = XCBuildConfiguration;
			buildSettings = {
				ASSETCATALOG_COMPILER_APPICON_NAME = AppIcon;
				DEVELOPMENT_TEAM = M6ZDLRSM4A;
				INFOPLIST_FILE = keyboard/Info.plist;
				IPHONEOS_DEPLOYMENT_TARGET = 8.0;
				LD_RUNPATH_SEARCH_PATHS = "$(inherited) @executable_path/Frameworks";
				PRODUCT_BUNDLE_IDENTIFIER = Ringo.keyboard;
				PRODUCT_NAME = "$(TARGET_NAME)";
			};
			name = Release;
		};
/* End XCBuildConfiguration section */

/* Begin XCConfigurationList section */
		C7FCBA341ECD6E2D00EAF886 /* Build configuration list for PBXProject "keyboard" */ = {
			isa = XCConfigurationList;
			buildConfigurations = (
				C7FCBA4E1ECD6E2D00EAF886 /* Debug */,
				C7FCBA4F1ECD6E2D00EAF886 /* Release */,
			);
			defaultConfigurationIsVisible = 0;
			defaultConfigurationName = Release;
		};
		C7FCBA501ECD6E2D00EAF886 /* Build configuration list for PBXNativeTarget "keyboard" */ = {
			isa = XCConfigurationList;
			buildConfigurations = (
				C7FCBA511ECD6E2D00EAF886 /* Debug */,
				C7FCBA521ECD6E2D00EAF886 /* Release */,
			);
			defaultConfigurationIsVisible = 0;
		};
/* End XCConfigurationList section */
	};
	rootObject = C7FCBA311ECD6E2D00EAF886 /* Project object */;
}
